
Microsoft Visual Studio Solution File, Format Version 12.00
# Visual Studio Version 17
VisualStudioVersion = 17.6.33829.357
MinimumVisualStudioVersion = 10.0.40219.1
Project("{FAE04EC0-301F-11D3-BF4B-00C04F79EFBC}") = "Delegates", "Delegates\Delegates.csproj", "{454E5EE2-848B-4FED-B4F8-FEEF2CEF8D52}"
EndProject
Global
	GlobalSection(SolutionConfigurationPlatforms) = preSolution
		Debug|Any CPU = Debug|Any CPU
		Release|Any CPU = Release|Any CPU
	EndGlobalSection
	GlobalSection(ProjectConfigurationPlatforms) = postSolution
		{454E5EE2-848B-4FED-B4F8-FEEF2CEF8D52}.Debug|Any CPU.ActiveCfg = Debug|Any CPU
		{454E5EE2-848B-4FED-B4F8-FEEF2CEF8D52}.Debug|Any CPU.Build.0 = Debug|Any CPU
		{454E5EE2-848B-4FED-B4F8-FEEF2CEF8D52}.Release|Any CPU.ActiveCfg = Release|Any CPU
		{454E5EE2-848B-4FED-B4F8-FEEF2CEF8D52}.Release|Any CPU.Build.0 = Release|Any CPU
	EndGlobalSection
	GlobalSection(SolutionProperties) = preSolution
		HideSolutionNode = FALSE
	EndGlobalSection
	GlobalSection(ExtensibilityGlobals) = postSolution
		SolutionGuid = {E3F37770-30B0-49C7-85EC-3FEB2B6383F5}
	EndGlobalSection
EndGlobal
